
Microsoft Visual Studio Solution File, Format Version 12.00
# Visual Studio 15
VisualStudioVersion = 15.0.28307.329
MinimumVisualStudioVersion = 10.0.40219.1
Project("{8BC9CEB8-8B4A-11D0-8D11-00A0C91BC942}") = "IntroAlgorithms", "IntroAlgorithms\IntroAlgorithms.vcxproj", "{E587E39F-E533-43B7-A478-0362072AAFD6}"
EndProject
Project("{8BC9CEB8-8B4A-11D0-8D11-00A0C91BC942}") = "Project1", "Project1\Project1.vcxproj", "{F9DD117C-1D57-49A5-8ED8-A0D9F25CC6F2}"
EndProject
Global
	GlobalSection(SolutionConfigurationPlatforms) = preSolution
		Debug|x64 = Debug|x64
		Debug|x86 = Debug|x86
		Release|x64 = Release|x64
		Release|x86 = Release|x86
	EndGlobalSection
	GlobalSection(ProjectConfigurationPlatforms) = postSolution
		{E587E39F-E533-43B7-A478-0362072AAFD6}.Debug|x64.ActiveCfg = Debug|x64
		{E587E39F-E533-43B7-A478-0362072AAFD6}.Debug|x64.Build.0 = Debug|x64
		{E587E39F-E533-43B7-A478-0362072AAFD6}.Debug|x86.ActiveCfg = Debug|Win32
		{E587E39F-E533-43B7-A478-0362072AAFD6}.Debug|x86.Build.0 = Debug|Win32
		{E587E39F-E533-43B7-A478-0362072AAFD6}.Release|x64.ActiveCfg = Release|x64
		{E587E39F-E533-43B7-A478-0362072AAFD6}.Release|x64.Build.0 = Release|x64
		{E587E39F-E533-43B7-A478-0362072AAFD6}.Release|x86.ActiveCfg = Release|Win32
		{E587E39F-E533-43B7-A478-0362072AAFD6}.Release|x86.Build.0 = Release|Win32
		{F9DD117C-1D57-49A5-8ED8-A0D9F25CC6F2}.Debug|x64.ActiveCfg = Debug|x64
		{F9DD117C-1D57-49A5-8ED8-A0D9F25CC6F2}.Debug|x64.Build.0 = Debug|x64
		{F9DD117C-1D57-49A5-8ED8-A0D9F25CC6F2}.Debug|x86.ActiveCfg = Debug|Win32
		{F9DD117C-1D57-49A5-8ED8-A0D9F25CC6F2}.Debug|x86.Build.0 = Debug|Win32
		{F9DD117C-1D57-49A5-8ED8-A0D9F25CC6F2}.Release|x64.ActiveCfg = Release|x64
		{F9DD117C-1D57-49A5-8ED8-A0D9F25CC6F2}.Release|x64.Build.0 = Release|x64
		{F9DD117C-1D57-49A5-8ED8-A0D9F25CC6F2}.Release|x86.ActiveCfg = Release|Win32
		{F9DD117C-1D57-49A5-8ED8-A0D9F25CC6F2}.Release|x86.Build.0 = Release|Win32
	EndGlobalSection
	GlobalSection(SolutionProperties) = preSolution
		HideSolutionNode = FALSE
	EndGlobalSection
	GlobalSection(ExtensibilityGlobals) = postSolution
		SolutionGuid = {39E1F3DF-F6DA-4F2C-90EA-77991D045CDD}
	EndGlobalSection
EndGlobal
