
Microsoft Visual Studio Solution File, Format Version 12.00
# Visual Studio 15
VisualStudioVersion = 15.0.27130.2010
MinimumVisualStudioVersion = 10.0.40219.1
Project("{8BC9CEB8-8B4A-11D0-8D11-00A0C91BC942}") = "AnonomousNamespaces", "AnonomousNamespaces\AnonomousNamespaces.vcxproj", "{11DA1E6C-CCF6-4636-BEF4-A2C1DFE25B0E}"
EndProject
Project("{8BC9CEB8-8B4A-11D0-8D11-00A0C91BC942}") = "Casts", "Casts\Casts.vcxproj", "{FE5CBA54-89BE-4959-8830-0C8F9A4F01BF}"
EndProject
Project("{8BC9CEB8-8B4A-11D0-8D11-00A0C91BC942}") = "Const", "Const\Const.vcxproj", "{0905B95B-E09A-4362-8044-39B3BB8EB1C6}"
EndProject
Project("{8BC9CEB8-8B4A-11D0-8D11-00A0C91BC942}") = "Constexpr", "Constexpr\Constexpr.vcxproj", "{A4965B3E-79AF-4DB5-8824-B41666074ADC}"
EndProject
Project("{8BC9CEB8-8B4A-11D0-8D11-00A0C91BC942}") = "ECO", "ECO\ECO.vcxproj", "{316BA1C3-DCAA-4030-A6EE-D2208CB614D5}"
EndProject
Project("{8BC9CEB8-8B4A-11D0-8D11-00A0C91BC942}") = "Extern", "Extern\Extern.vcxproj", "{5D636CC3-8C46-4B08-BB79-6CBB9BC1764A}"
EndProject
Project("{8BC9CEB8-8B4A-11D0-8D11-00A0C91BC942}") = "Headers", "Headers\Headers.vcxproj", "{581DF7F3-E336-47DD-BB65-4C665D983D40}"
EndProject
Project("{8BC9CEB8-8B4A-11D0-8D11-00A0C91BC942}") = "InitializerLists", "InitializerLists\InitializerLists.vcxproj", "{3B57E328-1E9E-4BB0-BEAB-963D6FF18047}"
EndProject
Project("{8BC9CEB8-8B4A-11D0-8D11-00A0C91BC942}") = "Macros", "Macros\Macros.vcxproj", "{31BD7479-D1D2-4A74-9B88-930EE2EE08A8}"
EndProject
Project("{8BC9CEB8-8B4A-11D0-8D11-00A0C91BC942}") = "NullPointConst", "NullPointConst\NullPointConst.vcxproj", "{BBA749C3-8DA6-4B58-95B3-36D2F5AC6B7C}"
EndProject
Project("{8BC9CEB8-8B4A-11D0-8D11-00A0C91BC942}") = "References", "References\References.vcxproj", "{C6B45A0E-829C-4F8D-B91C-A82F80D170CE}"
EndProject
Project("{8BC9CEB8-8B4A-11D0-8D11-00A0C91BC942}") = "Scope", "Scope\Scope.vcxproj", "{8DBCFBCD-A396-446B-A7A2-48D421AC137F}"
EndProject
Project("{8BC9CEB8-8B4A-11D0-8D11-00A0C91BC942}") = "Sementic", "Sementic\Sementic.vcxproj", "{6BF87E97-006F-4061-84EB-B50C58A79D57}"
EndProject
Project("{8BC9CEB8-8B4A-11D0-8D11-00A0C91BC942}") = "Static", "Static\Static.vcxproj", "{305CE265-0B24-4B4C-BF2E-895AC5D0B59D}"
EndProject
Project("{8BC9CEB8-8B4A-11D0-8D11-00A0C91BC942}") = "TypeDefs", "TypeDefs\TypeDefs.vcxproj", "{1ADDEC38-A5EA-41D8-B0A1-7475B8C512C2}"
EndProject
Project("{8BC9CEB8-8B4A-11D0-8D11-00A0C91BC942}") = "Uniformism", "Uniformism\Uniformism.vcxproj", "{D291C3B2-E86C-4896-8B66-A457915D157F}"
EndProject
Project("{8BC9CEB8-8B4A-11D0-8D11-00A0C91BC942}") = "UserDefinedLiteral", "UserDefinedLiteral\UserDefinedLiteral.vcxproj", "{718D18DE-D0FA-4EC0-A673-C35EED8CC0B7}"
EndProject
Project("{8BC9CEB8-8B4A-11D0-8D11-00A0C91BC942}") = "VarArgs", "VarArgs\VarArgs.vcxproj", "{77FF33AF-3048-4BD8-9EE6-6C2489F40075}"
EndProject
Global
	GlobalSection(SolutionConfigurationPlatforms) = preSolution
		Debug|x64 = Debug|x64
		Debug|x86 = Debug|x86
		Release|x64 = Release|x64
		Release|x86 = Release|x86
	EndGlobalSection
	GlobalSection(ProjectConfigurationPlatforms) = postSolution
		{11DA1E6C-CCF6-4636-BEF4-A2C1DFE25B0E}.Debug|x64.ActiveCfg = Debug|x64
		{11DA1E6C-CCF6-4636-BEF4-A2C1DFE25B0E}.Debug|x64.Build.0 = Debug|x64
		{11DA1E6C-CCF6-4636-BEF4-A2C1DFE25B0E}.Debug|x86.ActiveCfg = Debug|Win32
		{11DA1E6C-CCF6-4636-BEF4-A2C1DFE25B0E}.Debug|x86.Build.0 = Debug|Win32
		{11DA1E6C-CCF6-4636-BEF4-A2C1DFE25B0E}.Release|x64.ActiveCfg = Release|x64
		{11DA1E6C-CCF6-4636-BEF4-A2C1DFE25B0E}.Release|x64.Build.0 = Release|x64
		{11DA1E6C-CCF6-4636-BEF4-A2C1DFE25B0E}.Release|x86.ActiveCfg = Release|Win32
		{11DA1E6C-CCF6-4636-BEF4-A2C1DFE25B0E}.Release|x86.Build.0 = Release|Win32
		{FE5CBA54-89BE-4959-8830-0C8F9A4F01BF}.Debug|x64.ActiveCfg = Debug|x64
		{FE5CBA54-89BE-4959-8830-0C8F9A4F01BF}.Debug|x64.Build.0 = Debug|x64
		{FE5CBA54-89BE-4959-8830-0C8F9A4F01BF}.Debug|x86.ActiveCfg = Debug|Win32
		{FE5CBA54-89BE-4959-8830-0C8F9A4F01BF}.Debug|x86.Build.0 = Debug|Win32
		{FE5CBA54-89BE-4959-8830-0C8F9A4F01BF}.Release|x64.ActiveCfg = Release|x64
		{FE5CBA54-89BE-4959-8830-0C8F9A4F01BF}.Release|x64.Build.0 = Release|x64
		{FE5CBA54-89BE-4959-8830-0C8F9A4F01BF}.Release|x86.ActiveCfg = Release|Win32
		{FE5CBA54-89BE-4959-8830-0C8F9A4F01BF}.Release|x86.Build.0 = Release|Win32
		{0905B95B-E09A-4362-8044-39B3BB8EB1C6}.Debug|x64.ActiveCfg = Debug|x64
		{0905B95B-E09A-4362-8044-39B3BB8EB1C6}.Debug|x64.Build.0 = Debug|x64
		{0905B95B-E09A-4362-8044-39B3BB8EB1C6}.Debug|x86.ActiveCfg = Debug|Win32
		{0905B95B-E09A-4362-8044-39B3BB8EB1C6}.Debug|x86.Build.0 = Debug|Win32
		{0905B95B-E09A-4362-8044-39B3BB8EB1C6}.Release|x64.ActiveCfg = Release|x64
		{0905B95B-E09A-4362-8044-39B3BB8EB1C6}.Release|x64.Build.0 = Release|x64
		{0905B95B-E09A-4362-8044-39B3BB8EB1C6}.Release|x86.ActiveCfg = Release|Win32
		{0905B95B-E09A-4362-8044-39B3BB8EB1C6}.Release|x86.Build.0 = Release|Win32
		{A4965B3E-79AF-4DB5-8824-B41666074ADC}.Debug|x64.ActiveCfg = Debug|x64
		{A4965B3E-79AF-4DB5-8824-B41666074ADC}.Debug|x64.Build.0 = Debug|x64
		{A4965B3E-79AF-4DB5-8824-B41666074ADC}.Debug|x86.ActiveCfg = Debug|Win32
		{A4965B3E-79AF-4DB5-8824-B41666074ADC}.Debug|x86.Build.0 = Debug|Win32
		{A4965B3E-79AF-4DB5-8824-B41666074ADC}.Release|x64.ActiveCfg = Release|x64
		{A4965B3E-79AF-4DB5-8824-B41666074ADC}.Release|x64.Build.0 = Release|x64
		{A4965B3E-79AF-4DB5-8824-B41666074ADC}.Release|x86.ActiveCfg = Release|Win32
		{A4965B3E-79AF-4DB5-8824-B41666074ADC}.Release|x86.Build.0 = Release|Win32
		{316BA1C3-DCAA-4030-A6EE-D2208CB614D5}.Debug|x64.ActiveCfg = Debug|x64
		{316BA1C3-DCAA-4030-A6EE-D2208CB614D5}.Debug|x64.Build.0 = Debug|x64
		{316BA1C3-DCAA-4030-A6EE-D2208CB614D5}.Debug|x86.ActiveCfg = Debug|Win32
		{316BA1C3-DCAA-4030-A6EE-D2208CB614D5}.Debug|x86.Build.0 = Debug|Win32
		{316BA1C3-DCAA-4030-A6EE-D2208CB614D5}.Release|x64.ActiveCfg = Release|x64
		{316BA1C3-DCAA-4030-A6EE-D2208CB614D5}.Release|x64.Build.0 = Release|x64
		{316BA1C3-DCAA-4030-A6EE-D2208CB614D5}.Release|x86.ActiveCfg = Release|Win32
		{316BA1C3-DCAA-4030-A6EE-D2208CB614D5}.Release|x86.Build.0 = Release|Win32
		{5D636CC3-8C46-4B08-BB79-6CBB9BC1764A}.Debug|x64.ActiveCfg = Debug|x64
		{5D636CC3-8C46-4B08-BB79-6CBB9BC1764A}.Debug|x64.Build.0 = Debug|x64
		{5D636CC3-8C46-4B08-BB79-6CBB9BC1764A}.Debug|x86.ActiveCfg = Debug|Win32
		{5D636CC3-8C46-4B08-BB79-6CBB9BC1764A}.Debug|x86.Build.0 = Debug|Win32
		{5D636CC3-8C46-4B08-BB79-6CBB9BC1764A}.Release|x64.ActiveCfg = Release|x64
		{5D636CC3-8C46-4B08-BB79-6CBB9BC1764A}.Release|x64.Build.0 = Release|x64
		{5D636CC3-8C46-4B08-BB79-6CBB9BC1764A}.Release|x86.ActiveCfg = Release|Win32
		{5D636CC3-8C46-4B08-BB79-6CBB9BC1764A}.Release|x86.Build.0 = Release|Win32
		{581DF7F3-E336-47DD-BB65-4C665D983D40}.Debug|x64.ActiveCfg = Debug|x64
		{581DF7F3-E336-47DD-BB65-4C665D983D40}.Debug|x64.Build.0 = Debug|x64
		{581DF7F3-E336-47DD-BB65-4C665D983D40}.Debug|x86.ActiveCfg = Debug|Win32
		{581DF7F3-E336-47DD-BB65-4C665D983D40}.Debug|x86.Build.0 = Debug|Win32
		{581DF7F3-E336-47DD-BB65-4C665D983D40}.Release|x64.ActiveCfg = Release|x64
		{581DF7F3-E336-47DD-BB65-4C665D983D40}.Release|x64.Build.0 = Release|x64
		{581DF7F3-E336-47DD-BB65-4C665D983D40}.Release|x86.ActiveCfg = Release|Win32
		{581DF7F3-E336-47DD-BB65-4C665D983D40}.Release|x86.Build.0 = Release|Win32
		{3B57E328-1E9E-4BB0-BEAB-963D6FF18047}.Debug|x64.ActiveCfg = Debug|x64
		{3B57E328-1E9E-4BB0-BEAB-963D6FF18047}.Debug|x64.Build.0 = Debug|x64
		{3B57E328-1E9E-4BB0-BEAB-963D6FF18047}.Debug|x86.ActiveCfg = Debug|Win32
		{3B57E328-1E9E-4BB0-BEAB-963D6FF18047}.Debug|x86.Build.0 = Debug|Win32
		{3B57E328-1E9E-4BB0-BEAB-963D6FF18047}.Release|x64.ActiveCfg = Release|x64
		{3B57E328-1E9E-4BB0-BEAB-963D6FF18047}.Release|x64.Build.0 = Release|x64
		{3B57E328-1E9E-4BB0-BEAB-963D6FF18047}.Release|x86.ActiveCfg = Release|Win32
		{3B57E328-1E9E-4BB0-BEAB-963D6FF18047}.Release|x86.Build.0 = Release|Win32
		{31BD7479-D1D2-4A74-9B88-930EE2EE08A8}.Debug|x64.ActiveCfg = Debug|x64
		{31BD7479-D1D2-4A74-9B88-930EE2EE08A8}.Debug|x64.Build.0 = Debug|x64
		{31BD7479-D1D2-4A74-9B88-930EE2EE08A8}.Debug|x86.ActiveCfg = Debug|Win32
		{31BD7479-D1D2-4A74-9B88-930EE2EE08A8}.Debug|x86.Build.0 = Debug|Win32
		{31BD7479-D1D2-4A74-9B88-930EE2EE08A8}.Release|x64.ActiveCfg = Release|x64
		{31BD7479-D1D2-4A74-9B88-930EE2EE08A8}.Release|x64.Build.0 = Release|x64
		{31BD7479-D1D2-4A74-9B88-930EE2EE08A8}.Release|x86.ActiveCfg = Release|Win32
		{31BD7479-D1D2-4A74-9B88-930EE2EE08A8}.Release|x86.Build.0 = Release|Win32
		{BBA749C3-8DA6-4B58-95B3-36D2F5AC6B7C}.Debug|x64.ActiveCfg = Debug|x64
		{BBA749C3-8DA6-4B58-95B3-36D2F5AC6B7C}.Debug|x64.Build.0 = Debug|x64
		{BBA749C3-8DA6-4B58-95B3-36D2F5AC6B7C}.Debug|x86.ActiveCfg = Debug|Win32
		{BBA749C3-8DA6-4B58-95B3-36D2F5AC6B7C}.Debug|x86.Build.0 = Debug|Win32
		{BBA749C3-8DA6-4B58-95B3-36D2F5AC6B7C}.Release|x64.ActiveCfg = Release|x64
		{BBA749C3-8DA6-4B58-95B3-36D2F5AC6B7C}.Release|x64.Build.0 = Release|x64
		{BBA749C3-8DA6-4B58-95B3-36D2F5AC6B7C}.Release|x86.ActiveCfg = Release|Win32
		{BBA749C3-8DA6-4B58-95B3-36D2F5AC6B7C}.Release|x86.Build.0 = Release|Win32
		{C6B45A0E-829C-4F8D-B91C-A82F80D170CE}.Debug|x64.ActiveCfg = Debug|x64
		{C6B45A0E-829C-4F8D-B91C-A82F80D170CE}.Debug|x64.Build.0 = Debug|x64
		{C6B45A0E-829C-4F8D-B91C-A82F80D170CE}.Debug|x86.ActiveCfg = Debug|Win32
		{C6B45A0E-829C-4F8D-B91C-A82F80D170CE}.Debug|x86.Build.0 = Debug|Win32
		{C6B45A0E-829C-4F8D-B91C-A82F80D170CE}.Release|x64.ActiveCfg = Release|x64
		{C6B45A0E-829C-4F8D-B91C-A82F80D170CE}.Release|x64.Build.0 = Release|x64
		{C6B45A0E-829C-4F8D-B91C-A82F80D170CE}.Release|x86.ActiveCfg = Release|Win32
		{C6B45A0E-829C-4F8D-B91C-A82F80D170CE}.Release|x86.Build.0 = Release|Win32
		{8DBCFBCD-A396-446B-A7A2-48D421AC137F}.Debug|x64.ActiveCfg = Debug|x64
		{8DBCFBCD-A396-446B-A7A2-48D421AC137F}.Debug|x64.Build.0 = Debug|x64
		{8DBCFBCD-A396-446B-A7A2-48D421AC137F}.Debug|x86.ActiveCfg = Debug|Win32
		{8DBCFBCD-A396-446B-A7A2-48D421AC137F}.Debug|x86.Build.0 = Debug|Win32
		{8DBCFBCD-A396-446B-A7A2-48D421AC137F}.Release|x64.ActiveCfg = Release|x64
		{8DBCFBCD-A396-446B-A7A2-48D421AC137F}.Release|x64.Build.0 = Release|x64
		{8DBCFBCD-A396-446B-A7A2-48D421AC137F}.Release|x86.ActiveCfg = Release|Win32
		{8DBCFBCD-A396-446B-A7A2-48D421AC137F}.Release|x86.Build.0 = Release|Win32
		{6BF87E97-006F-4061-84EB-B50C58A79D57}.Debug|x64.ActiveCfg = Debug|x64
		{6BF87E97-006F-4061-84EB-B50C58A79D57}.Debug|x64.Build.0 = Debug|x64
		{6BF87E97-006F-4061-84EB-B50C58A79D57}.Debug|x86.ActiveCfg = Debug|Win32
		{6BF87E97-006F-4061-84EB-B50C58A79D57}.Debug|x86.Build.0 = Debug|Win32
		{6BF87E97-006F-4061-84EB-B50C58A79D57}.Release|x64.ActiveCfg = Release|x64
		{6BF87E97-006F-4061-84EB-B50C58A79D57}.Release|x64.Build.0 = Release|x64
		{6BF87E97-006F-4061-84EB-B50C58A79D57}.Release|x86.ActiveCfg = Release|Win32
		{6BF87E97-006F-4061-84EB-B50C58A79D57}.Release|x86.Build.0 = Release|Win32
		{305CE265-0B24-4B4C-BF2E-895AC5D0B59D}.Debug|x64.ActiveCfg = Debug|x64
		{305CE265-0B24-4B4C-BF2E-895AC5D0B59D}.Debug|x64.Build.0 = Debug|x64
		{305CE265-0B24-4B4C-BF2E-895AC5D0B59D}.Debug|x86.ActiveCfg = Debug|Win32
		{305CE265-0B24-4B4C-BF2E-895AC5D0B59D}.Debug|x86.Build.0 = Debug|Win32
		{305CE265-0B24-4B4C-BF2E-895AC5D0B59D}.Release|x64.ActiveCfg = Release|x64
		{305CE265-0B24-4B4C-BF2E-895AC5D0B59D}.Release|x64.Build.0 = Release|x64
		{305CE265-0B24-4B4C-BF2E-895AC5D0B59D}.Release|x86.ActiveCfg = Release|Win32
		{305CE265-0B24-4B4C-BF2E-895AC5D0B59D}.Release|x86.Build.0 = Release|Win32
		{1ADDEC38-A5EA-41D8-B0A1-7475B8C512C2}.Debug|x64.ActiveCfg = Debug|x64
		{1ADDEC38-A5EA-41D8-B0A1-7475B8C512C2}.Debug|x64.Build.0 = Debug|x64
		{1ADDEC38-A5EA-41D8-B0A1-7475B8C512C2}.Debug|x86.ActiveCfg = Debug|Win32
		{1ADDEC38-A5EA-41D8-B0A1-7475B8C512C2}.Debug|x86.Build.0 = Debug|Win32
		{1ADDEC38-A5EA-41D8-B0A1-7475B8C512C2}.Release|x64.ActiveCfg = Release|x64
		{1ADDEC38-A5EA-41D8-B0A1-7475B8C512C2}.Release|x64.Build.0 = Release|x64
		{1ADDEC38-A5EA-41D8-B0A1-7475B8C512C2}.Release|x86.ActiveCfg = Release|Win32
		{1ADDEC38-A5EA-41D8-B0A1-7475B8C512C2}.Release|x86.Build.0 = Release|Win32
		{D291C3B2-E86C-4896-8B66-A457915D157F}.Debug|x64.ActiveCfg = Debug|x64
		{D291C3B2-E86C-4896-8B66-A457915D157F}.Debug|x64.Build.0 = Debug|x64
		{D291C3B2-E86C-4896-8B66-A457915D157F}.Debug|x86.ActiveCfg = Debug|Win32
		{D291C3B2-E86C-4896-8B66-A457915D157F}.Debug|x86.Build.0 = Debug|Win32
		{D291C3B2-E86C-4896-8B66-A457915D157F}.Release|x64.ActiveCfg = Release|x64
		{D291C3B2-E86C-4896-8B66-A457915D157F}.Release|x64.Build.0 = Release|x64
		{D291C3B2-E86C-4896-8B66-A457915D157F}.Release|x86.ActiveCfg = Release|Win32
		{D291C3B2-E86C-4896-8B66-A457915D157F}.Release|x86.Build.0 = Release|Win32
		{718D18DE-D0FA-4EC0-A673-C35EED8CC0B7}.Debug|x64.ActiveCfg = Debug|x64
		{718D18DE-D0FA-4EC0-A673-C35EED8CC0B7}.Debug|x64.Build.0 = Debug|x64
		{718D18DE-D0FA-4EC0-A673-C35EED8CC0B7}.Debug|x86.ActiveCfg = Debug|Win32
		{718D18DE-D0FA-4EC0-A673-C35EED8CC0B7}.Debug|x86.Build.0 = Debug|Win32
		{718D18DE-D0FA-4EC0-A673-C35EED8CC0B7}.Release|x64.ActiveCfg = Release|x64
		{718D18DE-D0FA-4EC0-A673-C35EED8CC0B7}.Release|x64.Build.0 = Release|x64
		{718D18DE-D0FA-4EC0-A673-C35EED8CC0B7}.Release|x86.ActiveCfg = Release|Win32
		{718D18DE-D0FA-4EC0-A673-C35EED8CC0B7}.Release|x86.Build.0 = Release|Win32
		{77FF33AF-3048-4BD8-9EE6-6C2489F40075}.Debug|x64.ActiveCfg = Debug|x64
		{77FF33AF-3048-4BD8-9EE6-6C2489F40075}.Debug|x64.Build.0 = Debug|x64
		{77FF33AF-3048-4BD8-9EE6-6C2489F40075}.Debug|x86.ActiveCfg = Debug|Win32
		{77FF33AF-3048-4BD8-9EE6-6C2489F40075}.Debug|x86.Build.0 = Debug|Win32
		{77FF33AF-3048-4BD8-9EE6-6C2489F40075}.Release|x64.ActiveCfg = Release|x64
		{77FF33AF-3048-4BD8-9EE6-6C2489F40075}.Release|x64.Build.0 = Release|x64
		{77FF33AF-3048-4BD8-9EE6-6C2489F40075}.Release|x86.ActiveCfg = Release|Win32
		{77FF33AF-3048-4BD8-9EE6-6C2489F40075}.Release|x86.Build.0 = Release|Win32
	EndGlobalSection
	GlobalSection(SolutionProperties) = preSolution
		HideSolutionNode = FALSE
	EndGlobalSection
	GlobalSection(ExtensibilityGlobals) = postSolution
		SolutionGuid = {6E60CFC9-08B1-4864-BCE6-6A6B45CC1562}
	EndGlobalSection
EndGlobal
