
Microsoft Visual Studio Solution File, Format Version 12.00
# Visual Studio 15
VisualStudioVersion = 15.0.28307.572
MinimumVisualStudioVersion = 10.0.40219.1
Project("{8BC9CEB8-8B4A-11D0-8D11-00A0C91BC942}") = "ConsoleStart", "ConsoleStart\ConsoleStart.vcxproj", "{0428CDA1-012B-4724-BA66-B5F10E0846A6}"
EndProject
Global
	GlobalSection(SolutionConfigurationPlatforms) = preSolution
		Debug|x64 = Debug|x64
		Debug|x86 = Debug|x86
		Release|x64 = Release|x64
		Release|x86 = Release|x86
	EndGlobalSection
	GlobalSection(ProjectConfigurationPlatforms) = postSolution
		{0428CDA1-012B-4724-BA66-B5F10E0846A6}.Debug|x64.ActiveCfg = Debug|x64
		{0428CDA1-012B-4724-BA66-B5F10E0846A6}.Debug|x64.Build.0 = Debug|x64
		{0428CDA1-012B-4724-BA66-B5F10E0846A6}.Debug|x86.ActiveCfg = Debug|Win32
		{0428CDA1-012B-4724-BA66-B5F10E0846A6}.Debug|x86.Build.0 = Debug|Win32
		{0428CDA1-012B-4724-BA66-B5F10E0846A6}.Release|x64.ActiveCfg = Release|x64
		{0428CDA1-012B-4724-BA66-B5F10E0846A6}.Release|x64.Build.0 = Release|x64
		{0428CDA1-012B-4724-BA66-B5F10E0846A6}.Release|x86.ActiveCfg = Release|Win32
		{0428CDA1-012B-4724-BA66-B5F10E0846A6}.Release|x86.Build.0 = Release|Win32
	EndGlobalSection
	GlobalSection(SolutionProperties) = preSolution
		HideSolutionNode = FALSE
	EndGlobalSection
	GlobalSection(ExtensibilityGlobals) = postSolution
		SolutionGuid = {D36A118F-BC29-490B-B52E-25B5550A5BB3}
	EndGlobalSection
EndGlobal
