
Microsoft Visual Studio Solution File, Format Version 12.00
# Visual Studio 15
VisualStudioVersion = 15.0.27004.2010
MinimumVisualStudioVersion = 10.0.40219.1
Project("{8BC9CEB8-8B4A-11D0-8D11-00A0C91BC942}") = "Book", "Book\Book.vcxproj", "{D8B2CA92-4865-4EDF-8680-00FF75461CDA}"
EndProject
Global
	GlobalSection(SolutionConfigurationPlatforms) = preSolution
		Debug|x64 = Debug|x64
		Debug|x86 = Debug|x86
		Release|x64 = Release|x64
		Release|x86 = Release|x86
	EndGlobalSection
	GlobalSection(ProjectConfigurationPlatforms) = postSolution
		{D8B2CA92-4865-4EDF-8680-00FF75461CDA}.Debug|x64.ActiveCfg = Debug|x64
		{D8B2CA92-4865-4EDF-8680-00FF75461CDA}.Debug|x64.Build.0 = Debug|x64
		{D8B2CA92-4865-4EDF-8680-00FF75461CDA}.Debug|x86.ActiveCfg = Debug|Win32
		{D8B2CA92-4865-4EDF-8680-00FF75461CDA}.Debug|x86.Build.0 = Debug|Win32
		{D8B2CA92-4865-4EDF-8680-00FF75461CDA}.Release|x64.ActiveCfg = Release|x64
		{D8B2CA92-4865-4EDF-8680-00FF75461CDA}.Release|x64.Build.0 = Release|x64
		{D8B2CA92-4865-4EDF-8680-00FF75461CDA}.Release|x86.ActiveCfg = Release|Win32
		{D8B2CA92-4865-4EDF-8680-00FF75461CDA}.Release|x86.Build.0 = Release|Win32
	EndGlobalSection
	GlobalSection(SolutionProperties) = preSolution
		HideSolutionNode = FALSE
	EndGlobalSection
	GlobalSection(ExtensibilityGlobals) = postSolution
		SolutionGuid = {FF7E9A08-B99E-49B6-87B1-4AD0D4A2468D}
	EndGlobalSection
EndGlobal
