
Microsoft Visual Studio Solution File, Format Version 12.00
# Visual Studio 15
VisualStudioVersion = 15.0.27004.2010
MinimumVisualStudioVersion = 10.0.40219.1
Project("{8BC9CEB8-8B4A-11D0-8D11-00A0C91BC942}") = "InitializerListCtor", "InitializerListCtor\InitializerListCtor.vcxproj", "{BD4F5DF7-DC7E-49B1-B518-EEF3ADA49FAF}"
EndProject
Global
	GlobalSection(SolutionConfigurationPlatforms) = preSolution
		Debug|x64 = Debug|x64
		Debug|x86 = Debug|x86
		Release|x64 = Release|x64
		Release|x86 = Release|x86
	EndGlobalSection
	GlobalSection(ProjectConfigurationPlatforms) = postSolution
		{BD4F5DF7-DC7E-49B1-B518-EEF3ADA49FAF}.Debug|x64.ActiveCfg = Debug|x64
		{BD4F5DF7-DC7E-49B1-B518-EEF3ADA49FAF}.Debug|x64.Build.0 = Debug|x64
		{BD4F5DF7-DC7E-49B1-B518-EEF3ADA49FAF}.Debug|x86.ActiveCfg = Debug|Win32
		{BD4F5DF7-DC7E-49B1-B518-EEF3ADA49FAF}.Debug|x86.Build.0 = Debug|Win32
		{BD4F5DF7-DC7E-49B1-B518-EEF3ADA49FAF}.Release|x64.ActiveCfg = Release|x64
		{BD4F5DF7-DC7E-49B1-B518-EEF3ADA49FAF}.Release|x64.Build.0 = Release|x64
		{BD4F5DF7-DC7E-49B1-B518-EEF3ADA49FAF}.Release|x86.ActiveCfg = Release|Win32
		{BD4F5DF7-DC7E-49B1-B518-EEF3ADA49FAF}.Release|x86.Build.0 = Release|Win32
	EndGlobalSection
	GlobalSection(SolutionProperties) = preSolution
		HideSolutionNode = FALSE
	EndGlobalSection
	GlobalSection(ExtensibilityGlobals) = postSolution
		SolutionGuid = {BD2D784D-FC39-44EA-9644-EDC57548E265}
	EndGlobalSection
EndGlobal
